
Microsoft Visual Studio Solution File, Format Version 12.00
# Visual Studio 15
VisualStudioVersion = 15.0.27428.2037
MinimumVisualStudioVersion = 10.0.40219.1
Project("{FAE04EC0-301F-11D3-BF4B-00C04F79EFBC}") = "Minutes.Android", "Minutes\Minutes.Android\Minutes.Android.csproj", "{F9A187B9-01A6-429E-8A0D-ACB8D7B8BDBE}"
EndProject
Project("{FAE04EC0-301F-11D3-BF4B-00C04F79EFBC}") = "Minutes.iOS", "Minutes\Minutes.iOS\Minutes.iOS.csproj", "{A5A11E34-F276-4F1D-AFB2-E219AA052B45}"
EndProject
Project("{FAE04EC0-301F-11D3-BF4B-00C04F79EFBC}") = "Minutes.UWP", "Minutes\Minutes.UWP\Minutes.UWP.csproj", "{97BEF6A3-2EDD-449F-8C9B-43FBD13E7C66}"
EndProject
Project("{FAE04EC0-301F-11D3-BF4B-00C04F79EFBC}") = "Minutes", "Minutes\Minutes\Minutes.csproj", "{5F6A2327-4CEC-4822-A2A9-6D295D8480FA}"
EndProject
Global
	GlobalSection(SolutionConfigurationPlatforms) = preSolution
		Ad-Hoc|Any CPU = Ad-Hoc|Any CPU
		Ad-Hoc|ARM = Ad-Hoc|ARM
		Ad-Hoc|iPhone = Ad-Hoc|iPhone
		Ad-Hoc|iPhoneSimulator = Ad-Hoc|iPhoneSimulator
		Ad-Hoc|x64 = Ad-Hoc|x64
		Ad-Hoc|x86 = Ad-Hoc|x86
		AppStore|Any CPU = AppStore|Any CPU
		AppStore|ARM = AppStore|ARM
		AppStore|iPhone = AppStore|iPhone
		AppStore|iPhoneSimulator = AppStore|iPhoneSimulator
		AppStore|x64 = AppStore|x64
		AppStore|x86 = AppStore|x86
		Debug|Any CPU = Debug|Any CPU
		Debug|ARM = Debug|ARM
		Debug|iPhone = Debug|iPhone
		Debug|iPhoneSimulator = Debug|iPhoneSimulator
		Debug|x64 = Debug|x64
		Debug|x86 = Debug|x86
		Release|Any CPU = Release|Any CPU
		Release|ARM = Release|ARM
		Release|iPhone = Release|iPhone
		Release|iPhoneSimulator = Release|iPhoneSimulator
		Release|x64 = Release|x64
		Release|x86 = Release|x86
	EndGlobalSection
	GlobalSection(ProjectConfigurationPlatforms) = postSolution
		{F9A187B9-01A6-429E-8A0D-ACB8D7B8BDBE}.Ad-Hoc|Any CPU.ActiveCfg = Release|Any CPU
		{F9A187B9-01A6-429E-8A0D-ACB8D7B8BDBE}.Ad-Hoc|Any CPU.Build.0 = Release|Any CPU
		{F9A187B9-01A6-429E-8A0D-ACB8D7B8BDBE}.Ad-Hoc|Any CPU.Deploy.0 = Release|Any CPU
		{F9A187B9-01A6-429E-8A0D-ACB8D7B8BDBE}.Ad-Hoc|ARM.ActiveCfg = Release|Any CPU
		{F9A187B9-01A6-429E-8A0D-ACB8D7B8BDBE}.Ad-Hoc|ARM.Build.0 = Release|Any CPU
		{F9A187B9-01A6-429E-8A0D-ACB8D7B8BDBE}.Ad-Hoc|ARM.Deploy.0 = Release|Any CPU
		{F9A187B9-01A6-429E-8A0D-ACB8D7B8BDBE}.Ad-Hoc|iPhone.ActiveCfg = Release|Any CPU
		{F9A187B9-01A6-429E-8A0D-ACB8D7B8BDBE}.Ad-Hoc|iPhone.Build.0 = Release|Any CPU
		{F9A187B9-01A6-429E-8A0D-ACB8D7B8BDBE}.Ad-Hoc|iPhone.Deploy.0 = Release|Any CPU
		{F9A187B9-01A6-429E-8A0D-ACB8D7B8BDBE}.Ad-Hoc|iPhoneSimulator.ActiveCfg = Release|Any CPU
		{F9A187B9-01A6-429E-8A0D-ACB8D7B8BDBE}.Ad-Hoc|iPhoneSimulator.Build.0 = Release|Any CPU
		{F9A187B9-01A6-429E-8A0D-ACB8D7B8BDBE}.Ad-Hoc|iPhoneSimulator.Deploy.0 = Release|Any CPU
		{F9A187B9-01A6-429E-8A0D-ACB8D7B8BDBE}.Ad-Hoc|x64.ActiveCfg = Release|Any CPU
		{F9A187B9-01A6-429E-8A0D-ACB8D7B8BDBE}.Ad-Hoc|x64.Build.0 = Release|Any CPU
		{F9A187B9-01A6-429E-8A0D-ACB8D7B8BDBE}.Ad-Hoc|x64.Deploy.0 = Release|Any CPU
		{F9A187B9-01A6-429E-8A0D-ACB8D7B8BDBE}.Ad-Hoc|x86.ActiveCfg = Release|Any CPU
		{F9A187B9-01A6-429E-8A0D-ACB8D7B8BDBE}.Ad-Hoc|x86.Build.0 = Release|Any CPU
		{F9A187B9-01A6-429E-8A0D-ACB8D7B8BDBE}.Ad-Hoc|x86.Deploy.0 = Release|Any CPU
		{F9A187B9-01A6-429E-8A0D-ACB8D7B8BDBE}.AppStore|Any CPU.ActiveCfg = Release|Any CPU
		{F9A187B9-01A6-429E-8A0D-ACB8D7B8BDBE}.AppStore|Any CPU.Build.0 = Release|Any CPU
		{F9A187B9-01A6-429E-8A0D-ACB8D7B8BDBE}.AppStore|Any CPU.Deploy.0 = Release|Any CPU
		{F9A187B9-01A6-429E-8A0D-ACB8D7B8BDBE}.AppStore|ARM.ActiveCfg = Release|Any CPU
		{F9A187B9-01A6-429E-8A0D-ACB8D7B8BDBE}.AppStore|ARM.Build.0 = Release|Any CPU
		{F9A187B9-01A6-429E-8A0D-ACB8D7B8BDBE}.AppStore|ARM.Deploy.0 = Release|Any CPU
		{F9A187B9-01A6-429E-8A0D-ACB8D7B8BDBE}.AppStore|iPhone.ActiveCfg = Release|Any CPU
		{F9A187B9-01A6-429E-8A0D-ACB8D7B8BDBE}.AppStore|iPhone.Build.0 = Release|Any CPU
		{F9A187B9-01A6-429E-8A0D-ACB8D7B8BDBE}.AppStore|iPhone.Deploy.0 = Release|Any CPU
		{F9A187B9-01A6-429E-8A0D-ACB8D7B8BDBE}.AppStore|iPhoneSimulator.ActiveCfg = Release|Any CPU
		{F9A187B9-01A6-429E-8A0D-ACB8D7B8BDBE}.AppStore|iPhoneSimulator.Build.0 = Release|Any CPU
		{F9A187B9-01A6-429E-8A0D-ACB8D7B8BDBE}.AppStore|iPhoneSimulator.Deploy.0 = Release|Any CPU
		{F9A187B9-01A6-429E-8A0D-ACB8D7B8BDBE}.AppStore|x64.ActiveCfg = Release|Any CPU
		{F9A187B9-01A6-429E-8A0D-ACB8D7B8BDBE}.AppStore|x64.Build.0 = Release|Any CPU
		{F9A187B9-01A6-429E-8A0D-ACB8D7B8BDBE}.AppStore|x64.Deploy.0 = Release|Any CPU
		{F9A187B9-01A6-429E-8A0D-ACB8D7B8BDBE}.AppStore|x86.ActiveCfg = Release|Any CPU
		{F9A187B9-01A6-429E-8A0D-ACB8D7B8BDBE}.AppStore|x86.Build.0 = Release|Any CPU
		{F9A187B9-01A6-429E-8A0D-ACB8D7B8BDBE}.AppStore|x86.Deploy.0 = Release|Any CPU
		{F9A187B9-01A6-429E-8A0D-ACB8D7B8BDBE}.Debug|Any CPU.ActiveCfg = Debug|Any CPU
		{F9A187B9-01A6-429E-8A0D-ACB8D7B8BDBE}.Debug|Any CPU.Build.0 = Debug|Any CPU
		{F9A187B9-01A6-429E-8A0D-ACB8D7B8BDBE}.Debug|Any CPU.Deploy.0 = Debug|Any CPU
		{F9A187B9-01A6-429E-8A0D-ACB8D7B8BDBE}.Debug|ARM.ActiveCfg = Debug|Any CPU
		{F9A187B9-01A6-429E-8A0D-ACB8D7B8BDBE}.Debug|ARM.Build.0 = Debug|Any CPU
		{F9A187B9-01A6-429E-8A0D-ACB8D7B8BDBE}.Debug|ARM.Deploy.0 = Debug|Any CPU
		{F9A187B9-01A6-429E-8A0D-ACB8D7B8BDBE}.Debug|iPhone.ActiveCfg = Debug|Any CPU
		{F9A187B9-01A6-429E-8A0D-ACB8D7B8BDBE}.Debug|iPhone.Build.0 = Debug|Any CPU
		{F9A187B9-01A6-429E-8A0D-ACB8D7B8BDBE}.Debug|iPhone.Deploy.0 = Debug|Any CPU
		{F9A187B9-01A6-429E-8A0D-ACB8D7B8BDBE}.Debug|iPhoneSimulator.ActiveCfg = Debug|Any CPU
		{F9A187B9-01A6-429E-8A0D-ACB8D7B8BDBE}.Debug|iPhoneSimulator.Build.0 = Debug|Any CPU
		{F9A187B9-01A6-429E-8A0D-ACB8D7B8BDBE}.Debug|iPhoneSimulator.Deploy.0 = Debug|Any CPU
		{F9A187B9-01A6-429E-8A0D-ACB8D7B8BDBE}.Debug|x64.ActiveCfg = Debug|Any CPU
		{F9A187B9-01A6-429E-8A0D-ACB8D7B8BDBE}.Debug|x64.Build.0 = Debug|Any CPU
		{F9A187B9-01A6-429E-8A0D-ACB8D7B8BDBE}.Debug|x64.Deploy.0 = Debug|Any CPU
		{F9A187B9-01A6-429E-8A0D-ACB8D7B8BDBE}.Debug|x86.ActiveCfg = Debug|Any CPU
		{F9A187B9-01A6-429E-8A0D-ACB8D7B8BDBE}.Debug|x86.Build.0 = Debug|Any CPU
		{F9A187B9-01A6-429E-8A0D-ACB8D7B8BDBE}.Debug|x86.Deploy.0 = Debug|Any CPU
		{F9A187B9-01A6-429E-8A0D-ACB8D7B8BDBE}.Release|Any CPU.ActiveCfg = Release|Any CPU
		{F9A187B9-01A6-429E-8A0D-ACB8D7B8BDBE}.Release|Any CPU.Build.0 = Release|Any CPU
		{F9A187B9-01A6-429E-8A0D-ACB8D7B8BDBE}.Release|Any CPU.Deploy.0 = Release|Any CPU
		{F9A187B9-01A6-429E-8A0D-ACB8D7B8BDBE}.Release|ARM.ActiveCfg = Release|Any CPU
		{F9A187B9-01A6-429E-8A0D-ACB8D7B8BDBE}.Release|ARM.Build.0 = Release|Any CPU
		{F9A187B9-01A6-429E-8A0D-ACB8D7B8BDBE}.Release|ARM.Deploy.0 = Release|Any CPU
		{F9A187B9-01A6-429E-8A0D-ACB8D7B8BDBE}.Release|iPhone.ActiveCfg = Release|Any CPU
		{F9A187B9-01A6-429E-8A0D-ACB8D7B8BDBE}.Release|iPhone.Build.0 = Release|Any CPU
		{F9A187B9-01A6-429E-8A0D-ACB8D7B8BDBE}.Release|iPhone.Deploy.0 = Release|Any CPU
		{F9A187B9-01A6-429E-8A0D-ACB8D7B8BDBE}.Release|iPhoneSimulator.ActiveCfg = Release|Any CPU
		{F9A187B9-01A6-429E-8A0D-ACB8D7B8BDBE}.Release|iPhoneSimulator.Build.0 = Release|Any CPU
		{F9A187B9-01A6-429E-8A0D-ACB8D7B8BDBE}.Release|iPhoneSimulator.Deploy.0 = Release|Any CPU
		{F9A187B9-01A6-429E-8A0D-ACB8D7B8BDBE}.Release|x64.ActiveCfg = Release|Any CPU
		{F9A187B9-01A6-429E-8A0D-ACB8D7B8BDBE}.Release|x64.Build.0 = Release|Any CPU
		{F9A187B9-01A6-429E-8A0D-ACB8D7B8BDBE}.Release|x64.Deploy.0 = Release|Any CPU
		{F9A187B9-01A6-429E-8A0D-ACB8D7B8BDBE}.Release|x86.ActiveCfg = Release|Any CPU
		{F9A187B9-01A6-429E-8A0D-ACB8D7B8BDBE}.Release|x86.Build.0 = Release|Any CPU
		{F9A187B9-01A6-429E-8A0D-ACB8D7B8BDBE}.Release|x86.Deploy.0 = Release|Any CPU
		{A5A11E34-F276-4F1D-AFB2-E219AA052B45}.Ad-Hoc|Any CPU.ActiveCfg = Ad-Hoc|iPhone
		{A5A11E34-F276-4F1D-AFB2-E219AA052B45}.Ad-Hoc|ARM.ActiveCfg = Ad-Hoc|iPhone
		{A5A11E34-F276-4F1D-AFB2-E219AA052B45}.Ad-Hoc|iPhone.ActiveCfg = Ad-Hoc|iPhone
		{A5A11E34-F276-4F1D-AFB2-E219AA052B45}.Ad-Hoc|iPhone.Build.0 = Ad-Hoc|iPhone
		{A5A11E34-F276-4F1D-AFB2-E219AA052B45}.Ad-Hoc|iPhoneSimulator.ActiveCfg = Ad-Hoc|iPhoneSimulator
		{A5A11E34-F276-4F1D-AFB2-E219AA052B45}.Ad-Hoc|iPhoneSimulator.Build.0 = Ad-Hoc|iPhoneSimulator
		{A5A11E34-F276-4F1D-AFB2-E219AA052B45}.Ad-Hoc|x64.ActiveCfg = Ad-Hoc|iPhone
		{A5A11E34-F276-4F1D-AFB2-E219AA052B45}.Ad-Hoc|x86.ActiveCfg = Ad-Hoc|iPhone
		{A5A11E34-F276-4F1D-AFB2-E219AA052B45}.AppStore|Any CPU.ActiveCfg = AppStore|iPhone
		{A5A11E34-F276-4F1D-AFB2-E219AA052B45}.AppStore|ARM.ActiveCfg = AppStore|iPhone
		{A5A11E34-F276-4F1D-AFB2-E219AA052B45}.AppStore|iPhone.ActiveCfg = AppStore|iPhone
		{A5A11E34-F276-4F1D-AFB2-E219AA052B45}.AppStore|iPhone.Build.0 = AppStore|iPhone
		{A5A11E34-F276-4F1D-AFB2-E219AA052B45}.AppStore|iPhoneSimulator.ActiveCfg = AppStore|iPhoneSimulator
		{A5A11E34-F276-4F1D-AFB2-E219AA052B45}.AppStore|iPhoneSimulator.Build.0 = AppStore|iPhoneSimulator
		{A5A11E34-F276-4F1D-AFB2-E219AA052B45}.AppStore|x64.ActiveCfg = AppStore|iPhone
		{A5A11E34-F276-4F1D-AFB2-E219AA052B45}.AppStore|x86.ActiveCfg = AppStore|iPhone
		{A5A11E34-F276-4F1D-AFB2-E219AA052B45}.Debug|Any CPU.ActiveCfg = Debug|iPhone
		{A5A11E34-F276-4F1D-AFB2-E219AA052B45}.Debug|ARM.ActiveCfg = Debug|iPhone
		{A5A11E34-F276-4F1D-AFB2-E219AA052B45}.Debug|iPhone.ActiveCfg = Debug|iPhone
		{A5A11E34-F276-4F1D-AFB2-E219AA052B45}.Debug|iPhone.Build.0 = Debug|iPhone
		{A5A11E34-F276-4F1D-AFB2-E219AA052B45}.Debug|iPhoneSimulator.ActiveCfg = Debug|iPhoneSimulator
		{A5A11E34-F276-4F1D-AFB2-E219AA052B45}.Debug|iPhoneSimulator.Build.0 = Debug|iPhoneSimulator
		{A5A11E34-F276-4F1D-AFB2-E219AA052B45}.Debug|x64.ActiveCfg = Debug|iPhone
		{A5A11E34-F276-4F1D-AFB2-E219AA052B45}.Debug|x86.ActiveCfg = Debug|iPhone
		{A5A11E34-F276-4F1D-AFB2-E219AA052B45}.Release|Any CPU.ActiveCfg = Release|iPhone
		{A5A11E34-F276-4F1D-AFB2-E219AA052B45}.Release|ARM.ActiveCfg = Release|iPhone
		{A5A11E34-F276-4F1D-AFB2-E219AA052B45}.Release|iPhone.ActiveCfg = Release|iPhone
		{A5A11E34-F276-4F1D-AFB2-E219AA052B45}.Release|iPhone.Build.0 = Release|iPhone
		{A5A11E34-F276-4F1D-AFB2-E219AA052B45}.Release|iPhoneSimulator.ActiveCfg = Release|iPhoneSimulator
		{A5A11E34-F276-4F1D-AFB2-E219AA052B45}.Release|iPhoneSimulator.Build.0 = Release|iPhoneSimulator
		{A5A11E34-F276-4F1D-AFB2-E219AA052B45}.Release|x64.ActiveCfg = Release|iPhone
		{A5A11E34-F276-4F1D-AFB2-E219AA052B45}.Release|x86.ActiveCfg = Release|iPhone
		{97BEF6A3-2EDD-449F-8C9B-43FBD13E7C66}.Ad-Hoc|Any CPU.ActiveCfg = Release|x86
		{97BEF6A3-2EDD-449F-8C9B-43FBD13E7C66}.Ad-Hoc|Any CPU.Build.0 = Release|x86
		{97BEF6A3-2EDD-449F-8C9B-43FBD13E7C66}.Ad-Hoc|Any CPU.Deploy.0 = Release|x86
		{97BEF6A3-2EDD-449F-8C9B-43FBD13E7C66}.Ad-Hoc|ARM.ActiveCfg = Release|ARM
		{97BEF6A3-2EDD-449F-8C9B-43FBD13E7C66}.Ad-Hoc|ARM.Build.0 = Release|ARM
		{97BEF6A3-2EDD-449F-8C9B-43FBD13E7C66}.Ad-Hoc|ARM.Deploy.0 = Release|ARM
		{97BEF6A3-2EDD-449F-8C9B-43FBD13E7C66}.Ad-Hoc|iPhone.ActiveCfg = Release|x86
		{97BEF6A3-2EDD-449F-8C9B-43FBD13E7C66}.Ad-Hoc|iPhone.Build.0 = Release|x86
		{97BEF6A3-2EDD-449F-8C9B-43FBD13E7C66}.Ad-Hoc|iPhone.Deploy.0 = Release|x86
		{97BEF6A3-2EDD-449F-8C9B-43FBD13E7C66}.Ad-Hoc|iPhoneSimulator.ActiveCfg = Release|x86
		{97BEF6A3-2EDD-449F-8C9B-43FBD13E7C66}.Ad-Hoc|iPhoneSimulator.Build.0 = Release|x86
		{97BEF6A3-2EDD-449F-8C9B-43FBD13E7C66}.Ad-Hoc|iPhoneSimulator.Deploy.0 = Release|x86
		{97BEF6A3-2EDD-449F-8C9B-43FBD13E7C66}.Ad-Hoc|x64.ActiveCfg = Release|x64
		{97BEF6A3-2EDD-449F-8C9B-43FBD13E7C66}.Ad-Hoc|x64.Build.0 = Release|x64
		{97BEF6A3-2EDD-449F-8C9B-43FBD13E7C66}.Ad-Hoc|x64.Deploy.0 = Release|x64
		{97BEF6A3-2EDD-449F-8C9B-43FBD13E7C66}.Ad-Hoc|x86.ActiveCfg = Release|x86
		{97BEF6A3-2EDD-449F-8C9B-43FBD13E7C66}.Ad-Hoc|x86.Build.0 = Release|x86
		{97BEF6A3-2EDD-449F-8C9B-43FBD13E7C66}.Ad-Hoc|x86.Deploy.0 = Release|x86
		{97BEF6A3-2EDD-449F-8C9B-43FBD13E7C66}.AppStore|Any CPU.ActiveCfg = Release|x86
		{97BEF6A3-2EDD-449F-8C9B-43FBD13E7C66}.AppStore|Any CPU.Build.0 = Release|x86
		{97BEF6A3-2EDD-449F-8C9B-43FBD13E7C66}.AppStore|Any CPU.Deploy.0 = Release|x86
		{97BEF6A3-2EDD-449F-8C9B-43FBD13E7C66}.AppStore|ARM.ActiveCfg = Release|ARM
		{97BEF6A3-2EDD-449F-8C9B-43FBD13E7C66}.AppStore|ARM.Build.0 = Release|ARM
		{97BEF6A3-2EDD-449F-8C9B-43FBD13E7C66}.AppStore|ARM.Deploy.0 = Release|ARM
		{97BEF6A3-2EDD-449F-8C9B-43FBD13E7C66}.AppStore|iPhone.ActiveCfg = Release|x86
		{97BEF6A3-2EDD-449F-8C9B-43FBD13E7C66}.AppStore|iPhone.Build.0 = Release|x86
		{97BEF6A3-2EDD-449F-8C9B-43FBD13E7C66}.AppStore|iPhone.Deploy.0 = Release|x86
		{97BEF6A3-2EDD-449F-8C9B-43FBD13E7C66}.AppStore|iPhoneSimulator.ActiveCfg = Release|x86
		{97BEF6A3-2EDD-449F-8C9B-43FBD13E7C66}.AppStore|iPhoneSimulator.Build.0 = Release|x86
		{97BEF6A3-2EDD-449F-8C9B-43FBD13E7C66}.AppStore|iPhoneSimulator.Deploy.0 = Release|x86
		{97BEF6A3-2EDD-449F-8C9B-43FBD13E7C66}.AppStore|x64.ActiveCfg = Release|x64
		{97BEF6A3-2EDD-449F-8C9B-43FBD13E7C66}.AppStore|x64.Build.0 = Release|x64
		{97BEF6A3-2EDD-449F-8C9B-43FBD13E7C66}.AppStore|x64.Deploy.0 = Release|x64
		{97BEF6A3-2EDD-449F-8C9B-43FBD13E7C66}.AppStore|x86.ActiveCfg = Release|x86
		{97BEF6A3-2EDD-449F-8C9B-43FBD13E7C66}.AppStore|x86.Build.0 = Release|x86
		{97BEF6A3-2EDD-449F-8C9B-43FBD13E7C66}.AppStore|x86.Deploy.0 = Release|x86
		{97BEF6A3-2EDD-449F-8C9B-43FBD13E7C66}.Debug|Any CPU.ActiveCfg = Debug|x86
		{97BEF6A3-2EDD-449F-8C9B-43FBD13E7C66}.Debug|ARM.ActiveCfg = Debug|ARM
		{97BEF6A3-2EDD-449F-8C9B-43FBD13E7C66}.Debug|ARM.Build.0 = Debug|ARM
		{97BEF6A3-2EDD-449F-8C9B-43FBD13E7C66}.Debug|ARM.Deploy.0 = Debug|ARM
		{97BEF6A3-2EDD-449F-8C9B-43FBD13E7C66}.Debug|iPhone.ActiveCfg = Debug|x86
		{97BEF6A3-2EDD-449F-8C9B-43FBD13E7C66}.Debug|iPhoneSimulator.ActiveCfg = Debug|x86
		{97BEF6A3-2EDD-449F-8C9B-43FBD13E7C66}.Debug|x64.ActiveCfg = Debug|x64
		{97BEF6A3-2EDD-449F-8C9B-43FBD13E7C66}.Debug|x64.Build.0 = Debug|x64
		{97BEF6A3-2EDD-449F-8C9B-43FBD13E7C66}.Debug|x64.Deploy.0 = Debug|x64
		{97BEF6A3-2EDD-449F-8C9B-43FBD13E7C66}.Debug|x86.ActiveCfg = Debug|x86
		{97BEF6A3-2EDD-449F-8C9B-43FBD13E7C66}.Debug|x86.Build.0 = Debug|x86
		{97BEF6A3-2EDD-449F-8C9B-43FBD13E7C66}.Debug|x86.Deploy.0 = Debug|x86
		{97BEF6A3-2EDD-449F-8C9B-43FBD13E7C66}.Release|Any CPU.ActiveCfg = Release|x86
		{97BEF6A3-2EDD-449F-8C9B-43FBD13E7C66}.Release|ARM.ActiveCfg = Release|ARM
		{97BEF6A3-2EDD-449F-8C9B-43FBD13E7C66}.Release|ARM.Build.0 = Release|ARM
		{97BEF6A3-2EDD-449F-8C9B-43FBD13E7C66}.Release|ARM.Deploy.0 = Release|ARM
		{97BEF6A3-2EDD-449F-8C9B-43FBD13E7C66}.Release|iPhone.ActiveCfg = Release|x86
		{97BEF6A3-2EDD-449F-8C9B-43FBD13E7C66}.Release|iPhoneSimulator.ActiveCfg = Release|x86
		{97BEF6A3-2EDD-449F-8C9B-43FBD13E7C66}.Release|x64.ActiveCfg = Release|x64
		{97BEF6A3-2EDD-449F-8C9B-43FBD13E7C66}.Release|x64.Build.0 = Release|x64
		{97BEF6A3-2EDD-449F-8C9B-43FBD13E7C66}.Release|x64.Deploy.0 = Release|x64
		{97BEF6A3-2EDD-449F-8C9B-43FBD13E7C66}.Release|x86.ActiveCfg = Release|x86
		{97BEF6A3-2EDD-449F-8C9B-43FBD13E7C66}.Release|x86.Build.0 = Release|x86
		{97BEF6A3-2EDD-449F-8C9B-43FBD13E7C66}.Release|x86.Deploy.0 = Release|x86
		{5F6A2327-4CEC-4822-A2A9-6D295D8480FA}.Ad-Hoc|Any CPU.ActiveCfg = Debug|Any CPU
		{5F6A2327-4CEC-4822-A2A9-6D295D8480FA}.Ad-Hoc|Any CPU.Build.0 = Debug|Any CPU
		{5F6A2327-4CEC-4822-A2A9-6D295D8480FA}.Ad-Hoc|ARM.ActiveCfg = Debug|Any CPU
		{5F6A2327-4CEC-4822-A2A9-6D295D8480FA}.Ad-Hoc|ARM.Build.0 = Debug|Any CPU
		{5F6A2327-4CEC-4822-A2A9-6D295D8480FA}.Ad-Hoc|iPhone.ActiveCfg = Debug|Any CPU
		{5F6A2327-4CEC-4822-A2A9-6D295D8480FA}.Ad-Hoc|iPhone.Build.0 = Debug|Any CPU
		{5F6A2327-4CEC-4822-A2A9-6D295D8480FA}.Ad-Hoc|iPhoneSimulator.ActiveCfg = Debug|Any CPU
		{5F6A2327-4CEC-4822-A2A9-6D295D8480FA}.Ad-Hoc|iPhoneSimulator.Build.0 = Debug|Any CPU
		{5F6A2327-4CEC-4822-A2A9-6D295D8480FA}.Ad-Hoc|x64.ActiveCfg = Debug|Any CPU
		{5F6A2327-4CEC-4822-A2A9-6D295D8480FA}.Ad-Hoc|x64.Build.0 = Debug|Any CPU
		{5F6A2327-4CEC-4822-A2A9-6D295D8480FA}.Ad-Hoc|x86.ActiveCfg = Debug|Any CPU
		{5F6A2327-4CEC-4822-A2A9-6D295D8480FA}.Ad-Hoc|x86.Build.0 = Debug|Any CPU
		{5F6A2327-4CEC-4822-A2A9-6D295D8480FA}.AppStore|Any CPU.ActiveCfg = Debug|Any CPU
		{5F6A2327-4CEC-4822-A2A9-6D295D8480FA}.AppStore|Any CPU.Build.0 = Debug|Any CPU
		{5F6A2327-4CEC-4822-A2A9-6D295D8480FA}.AppStore|ARM.ActiveCfg = Debug|Any CPU
		{5F6A2327-4CEC-4822-A2A9-6D295D8480FA}.AppStore|ARM.Build.0 = Debug|Any CPU
		{5F6A2327-4CEC-4822-A2A9-6D295D8480FA}.AppStore|iPhone.ActiveCfg = Debug|Any CPU
		{5F6A2327-4CEC-4822-A2A9-6D295D8480FA}.AppStore|iPhone.Build.0 = Debug|Any CPU
		{5F6A2327-4CEC-4822-A2A9-6D295D8480FA}.AppStore|iPhoneSimulator.ActiveCfg = Debug|Any CPU
		{5F6A2327-4CEC-4822-A2A9-6D295D8480FA}.AppStore|iPhoneSimulator.Build.0 = Debug|Any CPU
		{5F6A2327-4CEC-4822-A2A9-6D295D8480FA}.AppStore|x64.ActiveCfg = Debug|Any CPU
		{5F6A2327-4CEC-4822-A2A9-6D295D8480FA}.AppStore|x64.Build.0 = Debug|Any CPU
		{5F6A2327-4CEC-4822-A2A9-6D295D8480FA}.AppStore|x86.ActiveCfg = Debug|Any CPU
		{5F6A2327-4CEC-4822-A2A9-6D295D8480FA}.AppStore|x86.Build.0 = Debug|Any CPU
		{5F6A2327-4CEC-4822-A2A9-6D295D8480FA}.Debug|Any CPU.ActiveCfg = Debug|Any CPU
		{5F6A2327-4CEC-4822-A2A9-6D295D8480FA}.Debug|Any CPU.Build.0 = Debug|Any CPU
		{5F6A2327-4CEC-4822-A2A9-6D295D8480FA}.Debug|ARM.ActiveCfg = Debug|Any CPU
		{5F6A2327-4CEC-4822-A2A9-6D295D8480FA}.Debug|ARM.Build.0 = Debug|Any CPU
		{5F6A2327-4CEC-4822-A2A9-6D295D8480FA}.Debug|iPhone.ActiveCfg = Debug|Any CPU
		{5F6A2327-4CEC-4822-A2A9-6D295D8480FA}.Debug|iPhone.Build.0 = Debug|Any CPU
		{5F6A2327-4CEC-4822-A2A9-6D295D8480FA}.Debug|iPhoneSimulator.ActiveCfg = Debug|Any CPU
		{5F6A2327-4CEC-4822-A2A9-6D295D8480FA}.Debug|iPhoneSimulator.Build.0 = Debug|Any CPU
		{5F6A2327-4CEC-4822-A2A9-6D295D8480FA}.Debug|x64.ActiveCfg = Debug|Any CPU
		{5F6A2327-4CEC-4822-A2A9-6D295D8480FA}.Debug|x64.Build.0 = Debug|Any CPU
		{5F6A2327-4CEC-4822-A2A9-6D295D8480FA}.Debug|x86.ActiveCfg = Debug|Any CPU
		{5F6A2327-4CEC-4822-A2A9-6D295D8480FA}.Debug|x86.Build.0 = Debug|Any CPU
		{5F6A2327-4CEC-4822-A2A9-6D295D8480FA}.Release|Any CPU.ActiveCfg = Release|Any CPU
		{5F6A2327-4CEC-4822-A2A9-6D295D8480FA}.Release|Any CPU.Build.0 = Release|Any CPU
		{5F6A2327-4CEC-4822-A2A9-6D295D8480FA}.Release|ARM.ActiveCfg = Release|Any CPU
		{5F6A2327-4CEC-4822-A2A9-6D295D8480FA}.Release|ARM.Build.0 = Release|Any CPU
		{5F6A2327-4CEC-4822-A2A9-6D295D8480FA}.Release|iPhone.ActiveCfg = Release|Any CPU
		{5F6A2327-4CEC-4822-A2A9-6D295D8480FA}.Release|iPhone.Build.0 = Release|Any CPU
		{5F6A2327-4CEC-4822-A2A9-6D295D8480FA}.Release|iPhoneSimulator.ActiveCfg = Release|Any CPU
		{5F6A2327-4CEC-4822-A2A9-6D295D8480FA}.Release|iPhoneSimulator.Build.0 = Release|Any CPU
		{5F6A2327-4CEC-4822-A2A9-6D295D8480FA}.Release|x64.ActiveCfg = Release|Any CPU
		{5F6A2327-4CEC-4822-A2A9-6D295D8480FA}.Release|x64.Build.0 = Release|Any CPU
		{5F6A2327-4CEC-4822-A2A9-6D295D8480FA}.Release|x86.ActiveCfg = Release|Any CPU
		{5F6A2327-4CEC-4822-A2A9-6D295D8480FA}.Release|x86.Build.0 = Release|Any CPU
	EndGlobalSection
	GlobalSection(SolutionProperties) = preSolution
		HideSolutionNode = FALSE
	EndGlobalSection
	GlobalSection(ExtensibilityGlobals) = postSolution
		SolutionGuid = {927033CA-2B2A-4EFE-9018-5A5A883565BD}
	EndGlobalSection
EndGlobal
