
Microsoft Visual Studio Solution File, Format Version 12.00
# Visual Studio 15
VisualStudioVersion = 15.0.27428.2027
MinimumVisualStudioVersion = 10.0.40219.1
Project("{FAE04EC0-301F-11D3-BF4B-00C04F79EFBC}") = "MyCircle.Android", "MyCircle\MyCircle.Android\MyCircle.Android.csproj", "{CB4B7871-5A57-4A73-B294-F8A416FD6C76}"
EndProject
Project("{FAE04EC0-301F-11D3-BF4B-00C04F79EFBC}") = "MyCircle.iOS", "MyCircle\MyCircle.iOS\MyCircle.iOS.csproj", "{EE56926A-E127-4E41-9673-58053A9B3B5E}"
EndProject
Project("{FAE04EC0-301F-11D3-BF4B-00C04F79EFBC}") = "MyCircle.UWP", "MyCircle\MyCircle.UWP\MyCircle.UWP.csproj", "{F6A57E30-72F6-4140-9994-8015428DF355}"
EndProject
Project("{FAE04EC0-301F-11D3-BF4B-00C04F79EFBC}") = "MyCircle", "MyCircle\MyCircle\MyCircle.csproj", "{7460F46A-E349-417E-AA83-0D3897B36940}"
EndProject
Project("{FAE04EC0-301F-11D3-BF4B-00C04F79EFBC}") = "MyCircle.Mac", "MyCircle\MyCircle.Mac\MyCircle.Mac.csproj", "{7ECBBBF4-E040-4CFA-828F-E67D850B1E3B}"
EndProject
Global
	GlobalSection(SolutionConfigurationPlatforms) = preSolution
		Ad-Hoc|Any CPU = Ad-Hoc|Any CPU
		Ad-Hoc|ARM = Ad-Hoc|ARM
		Ad-Hoc|iPhone = Ad-Hoc|iPhone
		Ad-Hoc|iPhoneSimulator = Ad-Hoc|iPhoneSimulator
		Ad-Hoc|x64 = Ad-Hoc|x64
		Ad-Hoc|x86 = Ad-Hoc|x86
		AppStore|Any CPU = AppStore|Any CPU
		AppStore|ARM = AppStore|ARM
		AppStore|iPhone = AppStore|iPhone
		AppStore|iPhoneSimulator = AppStore|iPhoneSimulator
		AppStore|x64 = AppStore|x64
		AppStore|x86 = AppStore|x86
		Debug|Any CPU = Debug|Any CPU
		Debug|ARM = Debug|ARM
		Debug|iPhone = Debug|iPhone
		Debug|iPhoneSimulator = Debug|iPhoneSimulator
		Debug|x64 = Debug|x64
		Debug|x86 = Debug|x86
		Release|Any CPU = Release|Any CPU
		Release|ARM = Release|ARM
		Release|iPhone = Release|iPhone
		Release|iPhoneSimulator = Release|iPhoneSimulator
		Release|x64 = Release|x64
		Release|x86 = Release|x86
	EndGlobalSection
	GlobalSection(ProjectConfigurationPlatforms) = postSolution
		{CB4B7871-5A57-4A73-B294-F8A416FD6C76}.Ad-Hoc|Any CPU.ActiveCfg = Release|Any CPU
		{CB4B7871-5A57-4A73-B294-F8A416FD6C76}.Ad-Hoc|Any CPU.Build.0 = Release|Any CPU
		{CB4B7871-5A57-4A73-B294-F8A416FD6C76}.Ad-Hoc|Any CPU.Deploy.0 = Release|Any CPU
		{CB4B7871-5A57-4A73-B294-F8A416FD6C76}.Ad-Hoc|ARM.ActiveCfg = Release|Any CPU
		{CB4B7871-5A57-4A73-B294-F8A416FD6C76}.Ad-Hoc|ARM.Build.0 = Release|Any CPU
		{CB4B7871-5A57-4A73-B294-F8A416FD6C76}.Ad-Hoc|ARM.Deploy.0 = Release|Any CPU
		{CB4B7871-5A57-4A73-B294-F8A416FD6C76}.Ad-Hoc|iPhone.ActiveCfg = Release|Any CPU
		{CB4B7871-5A57-4A73-B294-F8A416FD6C76}.Ad-Hoc|iPhone.Build.0 = Release|Any CPU
		{CB4B7871-5A57-4A73-B294-F8A416FD6C76}.Ad-Hoc|iPhone.Deploy.0 = Release|Any CPU
		{CB4B7871-5A57-4A73-B294-F8A416FD6C76}.Ad-Hoc|iPhoneSimulator.ActiveCfg = Release|Any CPU
		{CB4B7871-5A57-4A73-B294-F8A416FD6C76}.Ad-Hoc|iPhoneSimulator.Build.0 = Release|Any CPU
		{CB4B7871-5A57-4A73-B294-F8A416FD6C76}.Ad-Hoc|iPhoneSimulator.Deploy.0 = Release|Any CPU
		{CB4B7871-5A57-4A73-B294-F8A416FD6C76}.Ad-Hoc|x64.ActiveCfg = Release|Any CPU
		{CB4B7871-5A57-4A73-B294-F8A416FD6C76}.Ad-Hoc|x64.Build.0 = Release|Any CPU
		{CB4B7871-5A57-4A73-B294-F8A416FD6C76}.Ad-Hoc|x64.Deploy.0 = Release|Any CPU
		{CB4B7871-5A57-4A73-B294-F8A416FD6C76}.Ad-Hoc|x86.ActiveCfg = Release|Any CPU
		{CB4B7871-5A57-4A73-B294-F8A416FD6C76}.Ad-Hoc|x86.Build.0 = Release|Any CPU
		{CB4B7871-5A57-4A73-B294-F8A416FD6C76}.Ad-Hoc|x86.Deploy.0 = Release|Any CPU
		{CB4B7871-5A57-4A73-B294-F8A416FD6C76}.AppStore|Any CPU.ActiveCfg = Release|Any CPU
		{CB4B7871-5A57-4A73-B294-F8A416FD6C76}.AppStore|Any CPU.Build.0 = Release|Any CPU
		{CB4B7871-5A57-4A73-B294-F8A416FD6C76}.AppStore|Any CPU.Deploy.0 = Release|Any CPU
		{CB4B7871-5A57-4A73-B294-F8A416FD6C76}.AppStore|ARM.ActiveCfg = Release|Any CPU
		{CB4B7871-5A57-4A73-B294-F8A416FD6C76}.AppStore|ARM.Build.0 = Release|Any CPU
		{CB4B7871-5A57-4A73-B294-F8A416FD6C76}.AppStore|ARM.Deploy.0 = Release|Any CPU
		{CB4B7871-5A57-4A73-B294-F8A416FD6C76}.AppStore|iPhone.ActiveCfg = Release|Any CPU
		{CB4B7871-5A57-4A73-B294-F8A416FD6C76}.AppStore|iPhone.Build.0 = Release|Any CPU
		{CB4B7871-5A57-4A73-B294-F8A416FD6C76}.AppStore|iPhone.Deploy.0 = Release|Any CPU
		{CB4B7871-5A57-4A73-B294-F8A416FD6C76}.AppStore|iPhoneSimulator.ActiveCfg = Release|Any CPU
		{CB4B7871-5A57-4A73-B294-F8A416FD6C76}.AppStore|iPhoneSimulator.Build.0 = Release|Any CPU
		{CB4B7871-5A57-4A73-B294-F8A416FD6C76}.AppStore|iPhoneSimulator.Deploy.0 = Release|Any CPU
		{CB4B7871-5A57-4A73-B294-F8A416FD6C76}.AppStore|x64.ActiveCfg = Release|Any CPU
		{CB4B7871-5A57-4A73-B294-F8A416FD6C76}.AppStore|x64.Build.0 = Release|Any CPU
		{CB4B7871-5A57-4A73-B294-F8A416FD6C76}.AppStore|x64.Deploy.0 = Release|Any CPU
		{CB4B7871-5A57-4A73-B294-F8A416FD6C76}.AppStore|x86.ActiveCfg = Release|Any CPU
		{CB4B7871-5A57-4A73-B294-F8A416FD6C76}.AppStore|x86.Build.0 = Release|Any CPU
		{CB4B7871-5A57-4A73-B294-F8A416FD6C76}.AppStore|x86.Deploy.0 = Release|Any CPU
		{CB4B7871-5A57-4A73-B294-F8A416FD6C76}.Debug|Any CPU.ActiveCfg = Debug|Any CPU
		{CB4B7871-5A57-4A73-B294-F8A416FD6C76}.Debug|Any CPU.Build.0 = Debug|Any CPU
		{CB4B7871-5A57-4A73-B294-F8A416FD6C76}.Debug|Any CPU.Deploy.0 = Debug|Any CPU
		{CB4B7871-5A57-4A73-B294-F8A416FD6C76}.Debug|ARM.ActiveCfg = Debug|Any CPU
		{CB4B7871-5A57-4A73-B294-F8A416FD6C76}.Debug|ARM.Build.0 = Debug|Any CPU
		{CB4B7871-5A57-4A73-B294-F8A416FD6C76}.Debug|ARM.Deploy.0 = Debug|Any CPU
		{CB4B7871-5A57-4A73-B294-F8A416FD6C76}.Debug|iPhone.ActiveCfg = Debug|Any CPU
		{CB4B7871-5A57-4A73-B294-F8A416FD6C76}.Debug|iPhone.Build.0 = Debug|Any CPU
		{CB4B7871-5A57-4A73-B294-F8A416FD6C76}.Debug|iPhone.Deploy.0 = Debug|Any CPU
		{CB4B7871-5A57-4A73-B294-F8A416FD6C76}.Debug|iPhoneSimulator.ActiveCfg = Debug|Any CPU
		{CB4B7871-5A57-4A73-B294-F8A416FD6C76}.Debug|iPhoneSimulator.Build.0 = Debug|Any CPU
		{CB4B7871-5A57-4A73-B294-F8A416FD6C76}.Debug|iPhoneSimulator.Deploy.0 = Debug|Any CPU
		{CB4B7871-5A57-4A73-B294-F8A416FD6C76}.Debug|x64.ActiveCfg = Debug|Any CPU
		{CB4B7871-5A57-4A73-B294-F8A416FD6C76}.Debug|x64.Build.0 = Debug|Any CPU
		{CB4B7871-5A57-4A73-B294-F8A416FD6C76}.Debug|x64.Deploy.0 = Debug|Any CPU
		{CB4B7871-5A57-4A73-B294-F8A416FD6C76}.Debug|x86.ActiveCfg = Debug|Any CPU
		{CB4B7871-5A57-4A73-B294-F8A416FD6C76}.Debug|x86.Build.0 = Debug|Any CPU
		{CB4B7871-5A57-4A73-B294-F8A416FD6C76}.Debug|x86.Deploy.0 = Debug|Any CPU
		{CB4B7871-5A57-4A73-B294-F8A416FD6C76}.Release|Any CPU.ActiveCfg = Release|Any CPU
		{CB4B7871-5A57-4A73-B294-F8A416FD6C76}.Release|Any CPU.Build.0 = Release|Any CPU
		{CB4B7871-5A57-4A73-B294-F8A416FD6C76}.Release|Any CPU.Deploy.0 = Release|Any CPU
		{CB4B7871-5A57-4A73-B294-F8A416FD6C76}.Release|ARM.ActiveCfg = Release|Any CPU
		{CB4B7871-5A57-4A73-B294-F8A416FD6C76}.Release|ARM.Build.0 = Release|Any CPU
		{CB4B7871-5A57-4A73-B294-F8A416FD6C76}.Release|ARM.Deploy.0 = Release|Any CPU
		{CB4B7871-5A57-4A73-B294-F8A416FD6C76}.Release|iPhone.ActiveCfg = Release|Any CPU
		{CB4B7871-5A57-4A73-B294-F8A416FD6C76}.Release|iPhone.Build.0 = Release|Any CPU
		{CB4B7871-5A57-4A73-B294-F8A416FD6C76}.Release|iPhone.Deploy.0 = Release|Any CPU
		{CB4B7871-5A57-4A73-B294-F8A416FD6C76}.Release|iPhoneSimulator.ActiveCfg = Release|Any CPU
		{CB4B7871-5A57-4A73-B294-F8A416FD6C76}.Release|iPhoneSimulator.Build.0 = Release|Any CPU
		{CB4B7871-5A57-4A73-B294-F8A416FD6C76}.Release|iPhoneSimulator.Deploy.0 = Release|Any CPU
		{CB4B7871-5A57-4A73-B294-F8A416FD6C76}.Release|x64.ActiveCfg = Release|Any CPU
		{CB4B7871-5A57-4A73-B294-F8A416FD6C76}.Release|x64.Build.0 = Release|Any CPU
		{CB4B7871-5A57-4A73-B294-F8A416FD6C76}.Release|x64.Deploy.0 = Release|Any CPU
		{CB4B7871-5A57-4A73-B294-F8A416FD6C76}.Release|x86.ActiveCfg = Release|Any CPU
		{CB4B7871-5A57-4A73-B294-F8A416FD6C76}.Release|x86.Build.0 = Release|Any CPU
		{CB4B7871-5A57-4A73-B294-F8A416FD6C76}.Release|x86.Deploy.0 = Release|Any CPU
		{EE56926A-E127-4E41-9673-58053A9B3B5E}.Ad-Hoc|Any CPU.ActiveCfg = Ad-Hoc|iPhone
		{EE56926A-E127-4E41-9673-58053A9B3B5E}.Ad-Hoc|ARM.ActiveCfg = Ad-Hoc|iPhone
		{EE56926A-E127-4E41-9673-58053A9B3B5E}.Ad-Hoc|iPhone.ActiveCfg = Ad-Hoc|iPhone
		{EE56926A-E127-4E41-9673-58053A9B3B5E}.Ad-Hoc|iPhone.Build.0 = Ad-Hoc|iPhone
		{EE56926A-E127-4E41-9673-58053A9B3B5E}.Ad-Hoc|iPhoneSimulator.ActiveCfg = Ad-Hoc|iPhoneSimulator
		{EE56926A-E127-4E41-9673-58053A9B3B5E}.Ad-Hoc|iPhoneSimulator.Build.0 = Ad-Hoc|iPhoneSimulator
		{EE56926A-E127-4E41-9673-58053A9B3B5E}.Ad-Hoc|x64.ActiveCfg = Ad-Hoc|iPhone
		{EE56926A-E127-4E41-9673-58053A9B3B5E}.Ad-Hoc|x86.ActiveCfg = Ad-Hoc|iPhone
		{EE56926A-E127-4E41-9673-58053A9B3B5E}.AppStore|Any CPU.ActiveCfg = AppStore|iPhone
		{EE56926A-E127-4E41-9673-58053A9B3B5E}.AppStore|ARM.ActiveCfg = AppStore|iPhone
		{EE56926A-E127-4E41-9673-58053A9B3B5E}.AppStore|iPhone.ActiveCfg = AppStore|iPhone
		{EE56926A-E127-4E41-9673-58053A9B3B5E}.AppStore|iPhone.Build.0 = AppStore|iPhone
		{EE56926A-E127-4E41-9673-58053A9B3B5E}.AppStore|iPhoneSimulator.ActiveCfg = AppStore|iPhoneSimulator
		{EE56926A-E127-4E41-9673-58053A9B3B5E}.AppStore|iPhoneSimulator.Build.0 = AppStore|iPhoneSimulator
		{EE56926A-E127-4E41-9673-58053A9B3B5E}.AppStore|x64.ActiveCfg = AppStore|iPhone
		{EE56926A-E127-4E41-9673-58053A9B3B5E}.AppStore|x86.ActiveCfg = AppStore|iPhone
		{EE56926A-E127-4E41-9673-58053A9B3B5E}.Debug|Any CPU.ActiveCfg = Debug|iPhone
		{EE56926A-E127-4E41-9673-58053A9B3B5E}.Debug|ARM.ActiveCfg = Debug|iPhone
		{EE56926A-E127-4E41-9673-58053A9B3B5E}.Debug|iPhone.ActiveCfg = Debug|iPhone
		{EE56926A-E127-4E41-9673-58053A9B3B5E}.Debug|iPhone.Build.0 = Debug|iPhone
		{EE56926A-E127-4E41-9673-58053A9B3B5E}.Debug|iPhoneSimulator.ActiveCfg = Debug|iPhoneSimulator
		{EE56926A-E127-4E41-9673-58053A9B3B5E}.Debug|iPhoneSimulator.Build.0 = Debug|iPhoneSimulator
		{EE56926A-E127-4E41-9673-58053A9B3B5E}.Debug|x64.ActiveCfg = Debug|iPhone
		{EE56926A-E127-4E41-9673-58053A9B3B5E}.Debug|x86.ActiveCfg = Debug|iPhone
		{EE56926A-E127-4E41-9673-58053A9B3B5E}.Release|Any CPU.ActiveCfg = Release|iPhone
		{EE56926A-E127-4E41-9673-58053A9B3B5E}.Release|ARM.ActiveCfg = Release|iPhone
		{EE56926A-E127-4E41-9673-58053A9B3B5E}.Release|iPhone.ActiveCfg = Release|iPhone
		{EE56926A-E127-4E41-9673-58053A9B3B5E}.Release|iPhone.Build.0 = Release|iPhone
		{EE56926A-E127-4E41-9673-58053A9B3B5E}.Release|iPhoneSimulator.ActiveCfg = Release|iPhoneSimulator
		{EE56926A-E127-4E41-9673-58053A9B3B5E}.Release|iPhoneSimulator.Build.0 = Release|iPhoneSimulator
		{EE56926A-E127-4E41-9673-58053A9B3B5E}.Release|x64.ActiveCfg = Release|iPhone
		{EE56926A-E127-4E41-9673-58053A9B3B5E}.Release|x86.ActiveCfg = Release|iPhone
		{F6A57E30-72F6-4140-9994-8015428DF355}.Ad-Hoc|Any CPU.ActiveCfg = Release|x86
		{F6A57E30-72F6-4140-9994-8015428DF355}.Ad-Hoc|Any CPU.Build.0 = Release|x86
		{F6A57E30-72F6-4140-9994-8015428DF355}.Ad-Hoc|Any CPU.Deploy.0 = Release|x86
		{F6A57E30-72F6-4140-9994-8015428DF355}.Ad-Hoc|ARM.ActiveCfg = Release|ARM
		{F6A57E30-72F6-4140-9994-8015428DF355}.Ad-Hoc|ARM.Build.0 = Release|ARM
		{F6A57E30-72F6-4140-9994-8015428DF355}.Ad-Hoc|ARM.Deploy.0 = Release|ARM
		{F6A57E30-72F6-4140-9994-8015428DF355}.Ad-Hoc|iPhone.ActiveCfg = Release|x86
		{F6A57E30-72F6-4140-9994-8015428DF355}.Ad-Hoc|iPhone.Build.0 = Release|x86
		{F6A57E30-72F6-4140-9994-8015428DF355}.Ad-Hoc|iPhone.Deploy.0 = Release|x86
		{F6A57E30-72F6-4140-9994-8015428DF355}.Ad-Hoc|iPhoneSimulator.ActiveCfg = Release|x86
		{F6A57E30-72F6-4140-9994-8015428DF355}.Ad-Hoc|iPhoneSimulator.Build.0 = Release|x86
		{F6A57E30-72F6-4140-9994-8015428DF355}.Ad-Hoc|iPhoneSimulator.Deploy.0 = Release|x86
		{F6A57E30-72F6-4140-9994-8015428DF355}.Ad-Hoc|x64.ActiveCfg = Release|x64
		{F6A57E30-72F6-4140-9994-8015428DF355}.Ad-Hoc|x64.Build.0 = Release|x64
		{F6A57E30-72F6-4140-9994-8015428DF355}.Ad-Hoc|x64.Deploy.0 = Release|x64
		{F6A57E30-72F6-4140-9994-8015428DF355}.Ad-Hoc|x86.ActiveCfg = Release|x86
		{F6A57E30-72F6-4140-9994-8015428DF355}.Ad-Hoc|x86.Build.0 = Release|x86
		{F6A57E30-72F6-4140-9994-8015428DF355}.Ad-Hoc|x86.Deploy.0 = Release|x86
		{F6A57E30-72F6-4140-9994-8015428DF355}.AppStore|Any CPU.ActiveCfg = Release|x86
		{F6A57E30-72F6-4140-9994-8015428DF355}.AppStore|Any CPU.Build.0 = Release|x86
		{F6A57E30-72F6-4140-9994-8015428DF355}.AppStore|Any CPU.Deploy.0 = Release|x86
		{F6A57E30-72F6-4140-9994-8015428DF355}.AppStore|ARM.ActiveCfg = Release|ARM
		{F6A57E30-72F6-4140-9994-8015428DF355}.AppStore|ARM.Build.0 = Release|ARM
		{F6A57E30-72F6-4140-9994-8015428DF355}.AppStore|ARM.Deploy.0 = Release|ARM
		{F6A57E30-72F6-4140-9994-8015428DF355}.AppStore|iPhone.ActiveCfg = Release|x86
		{F6A57E30-72F6-4140-9994-8015428DF355}.AppStore|iPhone.Build.0 = Release|x86
		{F6A57E30-72F6-4140-9994-8015428DF355}.AppStore|iPhone.Deploy.0 = Release|x86
		{F6A57E30-72F6-4140-9994-8015428DF355}.AppStore|iPhoneSimulator.ActiveCfg = Release|x86
		{F6A57E30-72F6-4140-9994-8015428DF355}.AppStore|iPhoneSimulator.Build.0 = Release|x86
		{F6A57E30-72F6-4140-9994-8015428DF355}.AppStore|iPhoneSimulator.Deploy.0 = Release|x86
		{F6A57E30-72F6-4140-9994-8015428DF355}.AppStore|x64.ActiveCfg = Release|x64
		{F6A57E30-72F6-4140-9994-8015428DF355}.AppStore|x64.Build.0 = Release|x64
		{F6A57E30-72F6-4140-9994-8015428DF355}.AppStore|x64.Deploy.0 = Release|x64
		{F6A57E30-72F6-4140-9994-8015428DF355}.AppStore|x86.ActiveCfg = Release|x86
		{F6A57E30-72F6-4140-9994-8015428DF355}.AppStore|x86.Build.0 = Release|x86
		{F6A57E30-72F6-4140-9994-8015428DF355}.AppStore|x86.Deploy.0 = Release|x86
		{F6A57E30-72F6-4140-9994-8015428DF355}.Debug|Any CPU.ActiveCfg = Debug|x86
		{F6A57E30-72F6-4140-9994-8015428DF355}.Debug|ARM.ActiveCfg = Debug|ARM
		{F6A57E30-72F6-4140-9994-8015428DF355}.Debug|ARM.Build.0 = Debug|ARM
		{F6A57E30-72F6-4140-9994-8015428DF355}.Debug|ARM.Deploy.0 = Debug|ARM
		{F6A57E30-72F6-4140-9994-8015428DF355}.Debug|iPhone.ActiveCfg = Debug|x86
		{F6A57E30-72F6-4140-9994-8015428DF355}.Debug|iPhoneSimulator.ActiveCfg = Debug|x86
		{F6A57E30-72F6-4140-9994-8015428DF355}.Debug|x64.ActiveCfg = Debug|x64
		{F6A57E30-72F6-4140-9994-8015428DF355}.Debug|x64.Build.0 = Debug|x64
		{F6A57E30-72F6-4140-9994-8015428DF355}.Debug|x64.Deploy.0 = Debug|x64
		{F6A57E30-72F6-4140-9994-8015428DF355}.Debug|x86.ActiveCfg = Debug|x86
		{F6A57E30-72F6-4140-9994-8015428DF355}.Debug|x86.Build.0 = Debug|x86
		{F6A57E30-72F6-4140-9994-8015428DF355}.Debug|x86.Deploy.0 = Debug|x86
		{F6A57E30-72F6-4140-9994-8015428DF355}.Release|Any CPU.ActiveCfg = Release|x86
		{F6A57E30-72F6-4140-9994-8015428DF355}.Release|ARM.ActiveCfg = Release|ARM
		{F6A57E30-72F6-4140-9994-8015428DF355}.Release|ARM.Build.0 = Release|ARM
		{F6A57E30-72F6-4140-9994-8015428DF355}.Release|ARM.Deploy.0 = Release|ARM
		{F6A57E30-72F6-4140-9994-8015428DF355}.Release|iPhone.ActiveCfg = Release|x86
		{F6A57E30-72F6-4140-9994-8015428DF355}.Release|iPhoneSimulator.ActiveCfg = Release|x86
		{F6A57E30-72F6-4140-9994-8015428DF355}.Release|x64.ActiveCfg = Release|x64
		{F6A57E30-72F6-4140-9994-8015428DF355}.Release|x64.Build.0 = Release|x64
		{F6A57E30-72F6-4140-9994-8015428DF355}.Release|x64.Deploy.0 = Release|x64
		{F6A57E30-72F6-4140-9994-8015428DF355}.Release|x86.ActiveCfg = Release|x86
		{F6A57E30-72F6-4140-9994-8015428DF355}.Release|x86.Build.0 = Release|x86
		{F6A57E30-72F6-4140-9994-8015428DF355}.Release|x86.Deploy.0 = Release|x86
		{7460F46A-E349-417E-AA83-0D3897B36940}.Ad-Hoc|Any CPU.ActiveCfg = Debug|Any CPU
		{7460F46A-E349-417E-AA83-0D3897B36940}.Ad-Hoc|Any CPU.Build.0 = Debug|Any CPU
		{7460F46A-E349-417E-AA83-0D3897B36940}.Ad-Hoc|ARM.ActiveCfg = Debug|Any CPU
		{7460F46A-E349-417E-AA83-0D3897B36940}.Ad-Hoc|ARM.Build.0 = Debug|Any CPU
		{7460F46A-E349-417E-AA83-0D3897B36940}.Ad-Hoc|iPhone.ActiveCfg = Debug|Any CPU
		{7460F46A-E349-417E-AA83-0D3897B36940}.Ad-Hoc|iPhone.Build.0 = Debug|Any CPU
		{7460F46A-E349-417E-AA83-0D3897B36940}.Ad-Hoc|iPhoneSimulator.ActiveCfg = Debug|Any CPU
		{7460F46A-E349-417E-AA83-0D3897B36940}.Ad-Hoc|iPhoneSimulator.Build.0 = Debug|Any CPU
		{7460F46A-E349-417E-AA83-0D3897B36940}.Ad-Hoc|x64.ActiveCfg = Debug|Any CPU
		{7460F46A-E349-417E-AA83-0D3897B36940}.Ad-Hoc|x64.Build.0 = Debug|Any CPU
		{7460F46A-E349-417E-AA83-0D3897B36940}.Ad-Hoc|x86.ActiveCfg = Debug|Any CPU
		{7460F46A-E349-417E-AA83-0D3897B36940}.Ad-Hoc|x86.Build.0 = Debug|Any CPU
		{7460F46A-E349-417E-AA83-0D3897B36940}.AppStore|Any CPU.ActiveCfg = Debug|Any CPU
		{7460F46A-E349-417E-AA83-0D3897B36940}.AppStore|Any CPU.Build.0 = Debug|Any CPU
		{7460F46A-E349-417E-AA83-0D3897B36940}.AppStore|ARM.ActiveCfg = Debug|Any CPU
		{7460F46A-E349-417E-AA83-0D3897B36940}.AppStore|ARM.Build.0 = Debug|Any CPU
		{7460F46A-E349-417E-AA83-0D3897B36940}.AppStore|iPhone.ActiveCfg = Debug|Any CPU
		{7460F46A-E349-417E-AA83-0D3897B36940}.AppStore|iPhone.Build.0 = Debug|Any CPU
		{7460F46A-E349-417E-AA83-0D3897B36940}.AppStore|iPhoneSimulator.ActiveCfg = Debug|Any CPU
		{7460F46A-E349-417E-AA83-0D3897B36940}.AppStore|iPhoneSimulator.Build.0 = Debug|Any CPU
		{7460F46A-E349-417E-AA83-0D3897B36940}.AppStore|x64.ActiveCfg = Debug|Any CPU
		{7460F46A-E349-417E-AA83-0D3897B36940}.AppStore|x64.Build.0 = Debug|Any CPU
		{7460F46A-E349-417E-AA83-0D3897B36940}.AppStore|x86.ActiveCfg = Debug|Any CPU
		{7460F46A-E349-417E-AA83-0D3897B36940}.AppStore|x86.Build.0 = Debug|Any CPU
		{7460F46A-E349-417E-AA83-0D3897B36940}.Debug|Any CPU.ActiveCfg = Debug|Any CPU
		{7460F46A-E349-417E-AA83-0D3897B36940}.Debug|Any CPU.Build.0 = Debug|Any CPU
		{7460F46A-E349-417E-AA83-0D3897B36940}.Debug|ARM.ActiveCfg = Debug|Any CPU
		{7460F46A-E349-417E-AA83-0D3897B36940}.Debug|ARM.Build.0 = Debug|Any CPU
		{7460F46A-E349-417E-AA83-0D3897B36940}.Debug|iPhone.ActiveCfg = Debug|Any CPU
		{7460F46A-E349-417E-AA83-0D3897B36940}.Debug|iPhone.Build.0 = Debug|Any CPU
		{7460F46A-E349-417E-AA83-0D3897B36940}.Debug|iPhoneSimulator.ActiveCfg = Debug|Any CPU
		{7460F46A-E349-417E-AA83-0D3897B36940}.Debug|iPhoneSimulator.Build.0 = Debug|Any CPU
		{7460F46A-E349-417E-AA83-0D3897B36940}.Debug|x64.ActiveCfg = Debug|Any CPU
		{7460F46A-E349-417E-AA83-0D3897B36940}.Debug|x64.Build.0 = Debug|Any CPU
		{7460F46A-E349-417E-AA83-0D3897B36940}.Debug|x86.ActiveCfg = Debug|Any CPU
		{7460F46A-E349-417E-AA83-0D3897B36940}.Debug|x86.Build.0 = Debug|Any CPU
		{7460F46A-E349-417E-AA83-0D3897B36940}.Release|Any CPU.ActiveCfg = Release|Any CPU
		{7460F46A-E349-417E-AA83-0D3897B36940}.Release|Any CPU.Build.0 = Release|Any CPU
		{7460F46A-E349-417E-AA83-0D3897B36940}.Release|ARM.ActiveCfg = Release|Any CPU
		{7460F46A-E349-417E-AA83-0D3897B36940}.Release|ARM.Build.0 = Release|Any CPU
		{7460F46A-E349-417E-AA83-0D3897B36940}.Release|iPhone.ActiveCfg = Release|Any CPU
		{7460F46A-E349-417E-AA83-0D3897B36940}.Release|iPhone.Build.0 = Release|Any CPU
		{7460F46A-E349-417E-AA83-0D3897B36940}.Release|iPhoneSimulator.ActiveCfg = Release|Any CPU
		{7460F46A-E349-417E-AA83-0D3897B36940}.Release|iPhoneSimulator.Build.0 = Release|Any CPU
		{7460F46A-E349-417E-AA83-0D3897B36940}.Release|x64.ActiveCfg = Release|Any CPU
		{7460F46A-E349-417E-AA83-0D3897B36940}.Release|x64.Build.0 = Release|Any CPU
		{7460F46A-E349-417E-AA83-0D3897B36940}.Release|x86.ActiveCfg = Release|Any CPU
		{7460F46A-E349-417E-AA83-0D3897B36940}.Release|x86.Build.0 = Release|Any CPU
		{7ECBBBF4-E040-4CFA-828F-E67D850B1E3B}.Ad-Hoc|Any CPU.ActiveCfg = Debug|iPhoneSimulator
		{7ECBBBF4-E040-4CFA-828F-E67D850B1E3B}.Ad-Hoc|Any CPU.Build.0 = Debug|iPhoneSimulator
		{7ECBBBF4-E040-4CFA-828F-E67D850B1E3B}.Ad-Hoc|ARM.ActiveCfg = Debug|iPhoneSimulator
		{7ECBBBF4-E040-4CFA-828F-E67D850B1E3B}.Ad-Hoc|ARM.Build.0 = Debug|iPhoneSimulator
		{7ECBBBF4-E040-4CFA-828F-E67D850B1E3B}.Ad-Hoc|iPhone.ActiveCfg = Debug|iPhoneSimulator
		{7ECBBBF4-E040-4CFA-828F-E67D850B1E3B}.Ad-Hoc|iPhone.Build.0 = Debug|iPhoneSimulator
		{7ECBBBF4-E040-4CFA-828F-E67D850B1E3B}.Ad-Hoc|iPhoneSimulator.ActiveCfg = Debug|iPhoneSimulator
		{7ECBBBF4-E040-4CFA-828F-E67D850B1E3B}.Ad-Hoc|iPhoneSimulator.Build.0 = Debug|iPhoneSimulator
		{7ECBBBF4-E040-4CFA-828F-E67D850B1E3B}.Ad-Hoc|x64.ActiveCfg = Debug|iPhoneSimulator
		{7ECBBBF4-E040-4CFA-828F-E67D850B1E3B}.Ad-Hoc|x64.Build.0 = Debug|iPhoneSimulator
		{7ECBBBF4-E040-4CFA-828F-E67D850B1E3B}.Ad-Hoc|x86.ActiveCfg = Debug|iPhoneSimulator
		{7ECBBBF4-E040-4CFA-828F-E67D850B1E3B}.Ad-Hoc|x86.Build.0 = Debug|iPhoneSimulator
		{7ECBBBF4-E040-4CFA-828F-E67D850B1E3B}.AppStore|Any CPU.ActiveCfg = Debug|iPhoneSimulator
		{7ECBBBF4-E040-4CFA-828F-E67D850B1E3B}.AppStore|Any CPU.Build.0 = Debug|iPhoneSimulator
		{7ECBBBF4-E040-4CFA-828F-E67D850B1E3B}.AppStore|ARM.ActiveCfg = Debug|iPhoneSimulator
		{7ECBBBF4-E040-4CFA-828F-E67D850B1E3B}.AppStore|ARM.Build.0 = Debug|iPhoneSimulator
		{7ECBBBF4-E040-4CFA-828F-E67D850B1E3B}.AppStore|iPhone.ActiveCfg = Debug|iPhoneSimulator
		{7ECBBBF4-E040-4CFA-828F-E67D850B1E3B}.AppStore|iPhone.Build.0 = Debug|iPhoneSimulator
		{7ECBBBF4-E040-4CFA-828F-E67D850B1E3B}.AppStore|iPhoneSimulator.ActiveCfg = Debug|iPhoneSimulator
		{7ECBBBF4-E040-4CFA-828F-E67D850B1E3B}.AppStore|iPhoneSimulator.Build.0 = Debug|iPhoneSimulator
		{7ECBBBF4-E040-4CFA-828F-E67D850B1E3B}.AppStore|x64.ActiveCfg = Debug|iPhoneSimulator
		{7ECBBBF4-E040-4CFA-828F-E67D850B1E3B}.AppStore|x64.Build.0 = Debug|iPhoneSimulator
		{7ECBBBF4-E040-4CFA-828F-E67D850B1E3B}.AppStore|x86.ActiveCfg = Debug|iPhoneSimulator
		{7ECBBBF4-E040-4CFA-828F-E67D850B1E3B}.AppStore|x86.Build.0 = Debug|iPhoneSimulator
		{7ECBBBF4-E040-4CFA-828F-E67D850B1E3B}.Debug|Any CPU.ActiveCfg = Debug|iPhoneSimulator
		{7ECBBBF4-E040-4CFA-828F-E67D850B1E3B}.Debug|Any CPU.Build.0 = Debug|iPhoneSimulator
		{7ECBBBF4-E040-4CFA-828F-E67D850B1E3B}.Debug|ARM.ActiveCfg = Debug|iPhoneSimulator
		{7ECBBBF4-E040-4CFA-828F-E67D850B1E3B}.Debug|ARM.Build.0 = Debug|iPhoneSimulator
		{7ECBBBF4-E040-4CFA-828F-E67D850B1E3B}.Debug|iPhone.ActiveCfg = Debug|iPhoneSimulator
		{7ECBBBF4-E040-4CFA-828F-E67D850B1E3B}.Debug|iPhone.Build.0 = Debug|iPhoneSimulator
		{7ECBBBF4-E040-4CFA-828F-E67D850B1E3B}.Debug|iPhoneSimulator.ActiveCfg = Debug|iPhoneSimulator
		{7ECBBBF4-E040-4CFA-828F-E67D850B1E3B}.Debug|iPhoneSimulator.Build.0 = Debug|iPhoneSimulator
		{7ECBBBF4-E040-4CFA-828F-E67D850B1E3B}.Debug|x64.ActiveCfg = Debug|iPhoneSimulator
		{7ECBBBF4-E040-4CFA-828F-E67D850B1E3B}.Debug|x64.Build.0 = Debug|iPhoneSimulator
		{7ECBBBF4-E040-4CFA-828F-E67D850B1E3B}.Debug|x86.ActiveCfg = Debug|iPhoneSimulator
		{7ECBBBF4-E040-4CFA-828F-E67D850B1E3B}.Debug|x86.Build.0 = Debug|iPhoneSimulator
		{7ECBBBF4-E040-4CFA-828F-E67D850B1E3B}.Release|Any CPU.ActiveCfg = Release|iPhoneSimulator
		{7ECBBBF4-E040-4CFA-828F-E67D850B1E3B}.Release|Any CPU.Build.0 = Release|iPhoneSimulator
		{7ECBBBF4-E040-4CFA-828F-E67D850B1E3B}.Release|ARM.ActiveCfg = Release|iPhoneSimulator
		{7ECBBBF4-E040-4CFA-828F-E67D850B1E3B}.Release|ARM.Build.0 = Release|iPhoneSimulator
		{7ECBBBF4-E040-4CFA-828F-E67D850B1E3B}.Release|iPhone.ActiveCfg = Release|iPhoneSimulator
		{7ECBBBF4-E040-4CFA-828F-E67D850B1E3B}.Release|iPhone.Build.0 = Release|iPhoneSimulator
		{7ECBBBF4-E040-4CFA-828F-E67D850B1E3B}.Release|iPhoneSimulator.ActiveCfg = Release|iPhoneSimulator
		{7ECBBBF4-E040-4CFA-828F-E67D850B1E3B}.Release|iPhoneSimulator.Build.0 = Release|iPhoneSimulator
		{7ECBBBF4-E040-4CFA-828F-E67D850B1E3B}.Release|x64.ActiveCfg = Release|iPhoneSimulator
		{7ECBBBF4-E040-4CFA-828F-E67D850B1E3B}.Release|x64.Build.0 = Release|iPhoneSimulator
		{7ECBBBF4-E040-4CFA-828F-E67D850B1E3B}.Release|x86.ActiveCfg = Release|iPhoneSimulator
		{7ECBBBF4-E040-4CFA-828F-E67D850B1E3B}.Release|x86.Build.0 = Release|iPhoneSimulator
	EndGlobalSection
	GlobalSection(SolutionProperties) = preSolution
		HideSolutionNode = FALSE
	EndGlobalSection
	GlobalSection(ExtensibilityGlobals) = postSolution
		SolutionGuid = {BCEAD297-7964-4649-A0CE-4520E09942B0}
	EndGlobalSection
EndGlobal
